
Microsoft Visual Studio Solution File, Format Version 12.00
# Visual Studio Version 17
VisualStudioVersion = 17.5.33414.496
MinimumVisualStudioVersion = 10.0.40219.1
Project("{FAE04EC0-301F-11D3-BF4B-00C04F79EFBC}") = "hoy", "hoy.csproj", "{AD752797-52B6-440A-8D26-238092338D61}"
EndProject
Global
	GlobalSection(SolutionConfigurationPlatforms) = preSolution
		Debug|Any CPU = Debug|Any CPU
		Release|Any CPU = Release|Any CPU
	EndGlobalSection
	GlobalSection(ProjectConfigurationPlatforms) = postSolution
		{AD752797-52B6-440A-8D26-238092338D61}.Debug|Any CPU.ActiveCfg = Debug|Any CPU
		{AD752797-52B6-440A-8D26-238092338D61}.Debug|Any CPU.Build.0 = Debug|Any CPU
		{AD752797-52B6-440A-8D26-238092338D61}.Release|Any CPU.ActiveCfg = Release|Any CPU
		{AD752797-52B6-440A-8D26-238092338D61}.Release|Any CPU.Build.0 = Release|Any CPU
	EndGlobalSection
	GlobalSection(SolutionProperties) = preSolution
		HideSolutionNode = FALSE
	EndGlobalSection
	GlobalSection(ExtensibilityGlobals) = postSolution
		SolutionGuid = {F749A002-2DC9-4283-89A3-DD47C90AB5CC}
	EndGlobalSection
EndGlobal
